github.com/BurntSushi/toml v1.2.1 h1:9F2/+DoOYIOksmaJFPw1tGFy1eDnIJXg+UHjuD8lTak=
github.com/BurntSushi/toml v1.2.1/go.mod h1:CxXYINrC8qIiEnFrOxCa7Jy5BFHlXnUU2pbicEuybxQ=
github.com/BurntSushi/xgb v0.0.0-20160522181843-27f122750802/go.mod h1:IVnqGOEym/WlBOVXweHU+Q+/VP0lqqI8lqeDx9IjBqo=
github.com/ChrisTrenkamp/xsel v0.9.6 h1:0TmX81Wq2v2SnssP9SwBzz68KArsj5a8Dt9Ppj095QM=
github.com/ChrisTrenkamp/xsel v0.9.6/go.mod h1:72u+GN8aQUQNyZ5B+QIqWy7WPUey921sjN1k9FJ6Hbo=
github.com/SpectoLabs/goproxy v0.0.0-20220724221645-71c396c297b7 h1:TTZvVLRa0sjoFrxBOQdmuktR/IueSVyPA1Q+D8pHr9w=
github.com/SpectoLabs/goproxy v0.0.0-20220724221645-71c396c297b7/go.mod h1:tj8G0iNIS9fkG5PSrzQYLUXcvhtqI8XbIld9PqpYaFw=
github.com/SpectoLabs/goproxy/ext v0.0.0-20220724221645-71c396c297b7 h1:MxMvFwL66nKnrmjHhp9GODbHVZ+/qS2MmvnXz/nDdR4=
github.com/SpectoLabs/goproxy/ext v0.0.0-20220724221645-71c396c297b7/go.mod h1:rnDN1CpKP9iJXwxRtnvM7d5wdPHQY0K5NkHeXWPlQ+o=
github.com/ajstarks/svgo v0.0.0-20180226025133-644b8db467af/go.mod h1:K08gAheRH3/J6wwsYMMT4xOr94bZjxIelGM0+d/wbFw=
github.com/antonholmquist/jason v1.0.1-0.20160829104012-962e09b85496 h1:dESITdufxuiwgQh1YPiPupEXORHTYvY8tr40nvrWelo=
github.com/antonholmquist/jason v1.0.1-0.20160829104012-962e09b85496/go.mod h1:+GxMEKI0Va2U8h3os6oiUAetHAlGMvxjdpAH/9uvUMA=
github.com/aymerick/raymond v2.0.2+incompatible h1:VEp3GpgdAnv9B2GFyTvqgcKvY+mfKMjPOA3SbKLtnU0=
github.com/aymerick/raymond v2.0.2+incompatible/go.mod h1:osfaiScAUVup+UC9Nfq76eWqDhXlp+4UYaA8uhTBO6g=
github.com/beevik/etree v1.1.0 h1:T0xke/WvNtMoCqgzPhkX2r4rjY3GDZFi+FjpRZY2Jbs=
github.com/beevik/etree v1.1.0/go.mod h1:r8Aw8JqVegEf0w2fDnATrX9VpkMcyFeM0FhwO62wh+A=
github.com/boltdb/bolt v1.2.1-0.20160424201119-d97499360d1e h1:ZjpTXDvUplNMT6aktSoMffTkAGIQJGNGPQW/xL4kPwA=
github.com/boltdb/bolt v1.2.1-0.20160424201119-d97499360d1e/go.mod h1:clJnj/oiGkjum5o1McbSZDSLxVThjynRyGBgiAx27Ps=
github.com/brianvoe/gofakeit/v6 v6.19.0 h1:g+yJ+meWVEsAmR+bV4mNM/eXI0N+0pZ3D+Mi+G5+YQo=
github.com/brianvoe/gofakeit/v6 v6.19.0/go.mod h1:Ow6qC71xtwm79anlwKRlWZW6zVq9D2XHE4QSSMP/rU8=
github.com/cheekybits/is v0.0.0-20150225183255-68e9c0620927/go.mod h1:h/aW8ynjgkuj+NQRlZcDbAbM1ORAbXjXX77sX7T289U=
github.com/codegangsta/negroni v0.1.1-0.20160503152438-24bf3506bb5e h1:2Ic1pGNC0EZvHLeWg8N2x3SDWACFj9PKRD4nqSoJzPA=
github.com/codegangsta/negroni v0.1.1-0.20160503152438-24bf3506bb5e/go.mod h1:v0y3T5G7Y1UlFfyxFn/QLRU4a2EuNau2iZY63YTKWo0=
github.com/corpix/uarand v0.0.0-20170903190822-2b8494104d86 h1:kRNlij/Yv/baHnXYdNqr+8ch5tLYAWS/VRaJ2ZvFgu0=
github.com/corpix/uarand v0.0.0-20170903190822-2b8494104d86/go.mod h1:JSm890tOkDN+M1jqN8pUGDKnzJrsVbJwSMHBY4zwz7M=
github.com/davecgh/go-spew v1.1.0/go.mod h1:J7Y8YcW2NihsgmVo/mv3lAwl/skON4iLHjSsI+c5H38=
github.com/davecgh/go-spew v1.1.1 h1:vj9j/u1bqnvCEfJOwUhtlOARqs3+rkHYY13jYWTU97c=
github.com/davecgh/go-spew v1.1.1/go.mod h1:J7Y8YcW2NihsgmVo/mv3lAwl/skON4iLHjSsI+c5H38=
github.com/dghubble/sling v1.2.0 h1:PYGS9ofwbV9nfhB1kYjB1vtXshMxlp2oQxTMMXVJ5pE=
github.com/dghubble/sling v1.2.0/go.mod h1:ZcPRuLm0qrcULW2gOrjXrAWgf76sahqSyxXyVOvkunE=
github.com/djherbis/atime v1.1.0/go.mod h1:28OF6Y8s3NQWwacXc5eZTsEsiMzp7LF8MbXE+XJPdBE=
github.com/dsnet/compress v0.0.0-20171208185109-cc9eb1d7ad76 h1:eX+pdPPlD279OWgdx7f6KqIRSONuK7egk+jDx7OM3Ac=
github.com/dsnet/compress v0.0.0-20171208185109-cc9eb1d7ad76/go.mod h1:KjxHHirfLaw19iGT70HvVjHQsL1vq1SRQB4yOsAfy2s=
github.com/dustin/go-humanize v1.0.0/go.mod h1:HtrtbFcZ19U5GC7JDqmcUSB87Iq5E25KnS6fMYU6eOk=
github.com/fogleman/gg v1.2.1-0.20190220221249-0403632d5b90/go.mod h1:R/bRT+9gY/C5z7JzPU0zXsXHKM4/ayA+zqcVNZzPa1k=
github.com/fsnotify/fsnotify v1.4.7/go.mod h1:jwhsz4b93w/PPRr/qN1Yymfu8t87LnFCMoQvtojpjFo=
github.com/fsnotify/fsnotify v1.4.9/go.mod h1:znqG4EE+3YCdAaPaxE2ZRY/06pZUdp0tY4IgpuI1SZQ=
github.com/fsnotify/fsnotify v1.5.4 h1:jRbGcIw6P2Meqdwuo0H1p6JVLbL5DHKAKlYndzMwVZI=
github.com/fsnotify/fsnotify v1.5.4/go.mod h1:OVB6XrOHzAwXMpEM7uPOzcehqUV2UqJxmVXmkdnm1bU=
github.com/go-logr/logr v1.2.3 h1:2DntVwHkVopvECVRSlL5PSo9eG+cAkDCuckLubN+rq0=
github.com/go-task/slim-sprig v0.0.0-20210107165309-348f09dbbbc0/go.mod h1:fyg7847qk6SyHyPtNmDHnmrv/HOrqktSC+C9fM+CJOE=
github.com/go-zoo/bone v1.3.0 h1:PY6sHq37FnQhj+4ZyqFIzJQHvrrGx0GEc3vTZZC/OsI=
github.com/go-zoo/bone v1.3.0/go.mod h1:HI3Lhb7G3UQcAwEhOJ2WyNcsFtQX1WYHa0Hl4OBbhW8=
github.com/golang-jwt/jwt/v4 v4.0.0 h1:RAqyYixv1p7uEnocuy8P1nru5wprCh/MH2BIlW5z5/o=
github.com/golang-jwt/jwt/v4 v4.0.0/go.mod h1:/xlHOz8bRuivTWchD4jCa+NbatV+wEUSzwAxVc6locg=
github.com/golang/freetype v0.0.0-20170609003504-e2365dfdc4a0/go.mod h1:E/TSTwGwJL78qG/PmXZO1EjYhfJinVAhrmmHX6Z8B9k=
github.com/golang/protobuf v1.2.0/go.mod h1:6lQm79b+lXiMfvg/cZm0SGofjICqVBUtrP5yJMmIC1U=
github.com/golang/protobuf v1.4.0-rc.1/go.mod h1:ceaxUfeHdC40wWswd/P6IGgMaK3YpKi5j83Wpe3EHw8=
github.com/golang/protobuf v1.4.0-rc.1.0.20200221234624-67d41d38c208/go.mod h1:xKAWHe0F5eneWXFV3EuXVDTCmh+JuBKY0li0aMyXATA=
github.com/golang/protobuf v1.4.0-rc.2/go.mod h1:LlEzMj4AhA7rCAGe4KMBDvJI+AwstrUpVNzEA03Pprs=
github.com/golang/protobuf v1.4.0-rc.4.0.20200313231945-b860323f09d0/go.mod h1:WU3c8KckQ9AFe+yFwt9sWVRKCVIyN9cPHBJSNnbL67w=
github.com/golang/protobuf v1.4.0/go.mod h1:jodUvKwWbYaEsadDk5Fwe5c77LiNKVO9IDvqG2KuDX0=
github.com/golang/protobuf v1.4.2/go.mod h1:oDoupMAO8OvCJWAcko0GGGIgR6R6ocIYbsSw735rRwI=
github.com/golang/protobuf v1.5.2 h1:ROPKBNFfQgOUMifHyP+KYbvpjbdoFNs+aK7DXlji0Tw=
github.com/google/go-cmp v0.3.0/go.mod h1:8QqcDgzrUqlUb/G2PQTWiueGozuR1884gddMywk6iLU=
github.com/google/go-cmp v0.3.1/go.mod h1:8QqcDgzrUqlUb/G2PQTWiueGozuR1884gddMywk6iLU=
github.com/google/go-cmp v0.4.0/go.mod h1:v8dTdLbMG2kIc/vJvl+f65V22dbkXbowE6jgT/gNBxE=
github.com/google/go-cmp v0.5.9 h1:O2Tfq5qg4qc4AmwVlvv0oLiVAGB7enBSJ2x2DqQFi38=
github.com/google/go-cmp v0.5.9/go.mod h1:17dUlkBOakJ0+DkrSSNjCkIjxS6bF9zb3elmeNGIjoY=
github.com/google/go-querystring v0.0.0-20160401233042-9235644dd9e5 h1:oERTZ1buOUYlpmKaqlO5fYmz8cZ1rYu5DieJzF4ZVmU=
github.com/google/go-querystring v0.0.0-20160401233042-9235644dd9e5/go.mod h1:odCYkC5MyYFN7vkCjXpyrEuKhc/BUO6wN/zVPAxq5ck=
github.com/gorilla/context v0.0.0-20160422134237-a8d44e7d8e4d h1:BuwODXV4sNFjaSRNixz/sbmD1g/F3poPtHWxYTZE3C8=
github.com/gorilla/context v0.0.0-20160422134237-a8d44e7d8e4d/go.mod h1:kBGZzfjB9CEq2AlWe17Uuf7NDRt0dE0s8S51q0aT7Yg=
github.com/gorilla/mux v0.0.0-20160502175624-9c19ed558d5d h1:AegJdPZEQ6uNJobPN8BiOYffHTAyJyTlyhO7Hn33SHY=
github.com/gorilla/mux v0.0.0-20160502175624-9c19ed558d5d/go.mod h1:1lud6UwP+6orDFRuTfBEV8e9/aOM/c4fVVCaMa2zaAs=
github.com/gorilla/websocket v1.4.2 h1:+/TMaTYc4QFitKJxsQ7Yye35DkWvkdLcvGKqM+x0Ufc=
github.com/gorilla/websocket v1.4.2/go.mod h1:YR8l580nyteQvAITg2hZ9XVh4b55+EU/adAjf1fMHhE=
github.com/hashicorp/golang-lru v0.5.1 h1:0hERBMJE1eitiLkihrMvRVBYAkpHzc/J3QdDN+dAcgU=
github.com/hashicorp/golang-lru v0.5.1/go.mod h1:/m3WP610KZHVQ1SGc6re/UDhFvYD7pJ4Ao+sR/qLZy8=
github.com/hashicorp/hcl v0.0.0-20160426221300-9a905a34e628 h1:79lPy9LYAtihGQvcubOdkAol0FbhRAJ2BjXbiy8jDvM=
github.com/hashicorp/hcl v0.0.0-20160426221300-9a905a34e628/go.mod h1:oZtUIOe8dh44I2q6ScRibXws4Ajl+d+nod3AaR9vL5w=
github.com/hpcloud/tail v1.0.0/go.mod h1:ab1qPbhIpdTxEkNHXyeSf5vhxWSCs/tWer42PpOxQnU=
github.com/icrowley/fake v0.0.0-20180203215853-4178557ae428 h1:Mo9W14pwbO9VfRe+ygqZ8dFbPpoIK1HFrG/zjTuQ+nc=
github.com/icrowley/fake v0.0.0-20180203215853-4178557ae428/go.mod h1:uhpZMVGznybq1itEKXj6RYw9I71qK4kH+OGMjRC4KEo=
github.com/inconshreveable/mousetrap v1.0.0 h1:Z8tu5sraLXCXIcARxBp/8cbvlwVa7Z1NHg9XEKhtSvM=
github.com/inconshreveable/mousetrap v1.0.0/go.mod h1:PxqpIevigyE2G7u3NXJIT2ANytuPF1OarO4DADm73n8=
github.com/jackwakefield/gopac v1.0.3-0.20180823145755-c4d2e0b9a672 h1:8gMw+o9GKWC1Ml6pUbcdy3E1Nydvh6wasZiXmqKvYP4=
github.com/jackwakefield/gopac v1.0.3-0.20180823145755-c4d2e0b9a672/go.mod h1:yR1sfJXcndScUFYPx7Xqxj7bkNlCWw9AMmuJFMHLXm8=
github.com/jung-kurt/gofpdf v1.0.3-0.20190309125859-24315acbbda5/go.mod h1:7Id9E/uU8ce6rXgefFLlgrJj/GYY22cpxn+r32jIOes=
github.com/kardianos/osext v0.0.0-20151222153229-29ae4ffbc9a6 h1:yZAE+xNuc/2gmWV+s5UAb43LYLZQiqyngl6IUCQGJg0=
github.com/kardianos/osext v0.0.0-20151222153229-29ae4ffbc9a6/go.mod h1:1NbS8ALrpOvjt0rHPNLyCIeMtbizbir8U//inJ+zuB8=
github.com/konsorten/go-windows-terminal-sequences v0.0.0-20180402223658-b729f2633dfe/go.mod h1:T0+1ngSBFLxvqU3pZ+m/2kptfBszLMUkC4ZK/EgS/cQ=
github.com/konsorten/go-windows-terminal-sequences v1.0.1 h1:mweAR1A6xJ3oS2pRaGiHgQ4OO8tzTaLawm8vnODuwDk=
github.com/konsorten/go-windows-terminal-sequences v1.0.1/go.mod h1:T0+1ngSBFLxvqU3pZ+m/2kptfBszLMUkC4ZK/EgS/cQ=
github.com/magiconair/properties v1.7.0 h1:8Oygzd+nhiSWfp2XOwattyfEt36Q/F/99zQJy4axKdg=
github.com/magiconair/properties v1.7.0/go.mod h1:PppfXfuXeibc/6YijjN8zIbojt8czPbwD3XqdrwzmxQ=
github.com/matryer/try v0.0.0-20161228173917-9ac251b645a2/go.mod h1:0KeJpeMD6o+O4hW7qJOT7vyQPKrWmj26uf5wMc/IiIs=
github.com/mattn/go-runewidth v0.0.1 h1:+EiaBVXhogb1Klb4tRJ7hYnuGK6PkKOZlK04D/GMOqk=
github.com/mattn/go-runewidth v0.0.1/go.mod h1:LwmH8dsx7+W8Uxz3IHJYH5QSwggIsqBzpuz5H//U1FU=
github.com/mitchellh/go-homedir v0.0.0-20161203194507-b8bc1bf76747 h1:eQox4Rh4ewJF+mqYPxCkmBAirRnPaHEB26UkNuPyjlk=
github.com/mitchellh/go-homedir v0.0.0-20161203194507-b8bc1bf76747/go.mod h1:SfyaCUpYCn1Vlf4IUYiD9fPX4A5wJrkLzIz1N1q0pr0=
github.com/mitchellh/mapstructure v1.5.0 h1:jeMsZIYE/09sWLaz43PL7Gy6RuMjD2eJVyuac5Z2hdY=
github.com/mitchellh/mapstructure v1.5.0/go.mod h1:bFUtVrKA4DC2yAKiSyO/QUcy7e+RRV2QTWOzhPopBRo=
github.com/nxadm/tail v1.4.4/go.mod h1:kenIhsEOeOJmVchQTgglprH7qJGnHDVpk1VPCcaMI8A=
github.com/nxadm/tail v1.4.8 h1:nPr65rt6Y5JFSKQO7qToXr7pePgD6Gwiw05lkbyAQTE=
github.com/nxadm/tail v1.4.8/go.mod h1:+ncqLTQzXmGhMZNUePPaPqPvBxHAIsmXswZKocGu+AU=
github.com/olekukonko/tablewriter v0.0.0-20170128050532-febf2d34b54a h1:m6hB6GkmZ/suOSKZM7yx3Yt+7iZ9HNfzacCykJqgXA8=
github.com/olekukonko/tablewriter v0.0.0-20170128050532-febf2d34b54a/go.mod h1:vsDQFd/mU46D+Z4whnwzcISnGGzXWMclvtLoiIKAKIo=
github.com/onsi/ginkgo v1.6.0/go.mod h1:lLunBs/Ym6LB5Z9jYTR76FiuTmxDTDusOGeTQH+WWjE=
github.com/onsi/ginkgo v1.12.1/go.mod h1:zj2OWP4+oCPe1qIXoGWkgMRwljMUYCdkwsT2108oapk=
github.com/onsi/ginkgo v1.16.4 h1:29JGrr5oVBm5ulCWet69zQkzWipVXIol6ygQUe/EzNc=
github.com/onsi/ginkgo v1.16.4/go.mod h1:dX+/inL/fNMqNlz0e9LfyB9TswhZpCVdJM/Z6Vvnwo0=
github.com/onsi/ginkgo/v2 v2.4.0 h1:+Ig9nvqgS5OBSACXNk15PLdp0U9XPYROt9CFzVdFGIs=
github.com/onsi/gomega v1.7.1/go.mod h1:XdKZgCCFLUoM/7CFJVPcG8C1xQ1AJ0vpAezJrB7JYyY=
github.com/onsi/gomega v1.10.1/go.mod h1:iN09h71vgCQne3DLsj+A5owkum+a2tYe+TOCB1ybHNo=
github.com/onsi/gomega v1.23.0 h1:/oxKu9c2HVap+F3PfKort2Hw5DEU+HGlW8n+tguWsys=
github.com/onsi/gomega v1.23.0/go.mod h1:Z/NWtiqwBrwUt4/2loMmHL63EDLnYHmVbuBpDr2vQAg=
github.com/pborman/uuid v0.0.0-20160216163710-c55201b03606 h1:/CPgDYrfeK2LMK6xcUhvI17yO9SlpAdDIJGkhDEgO8A=
github.com/pborman/uuid v0.0.0-20160216163710-c55201b03606/go.mod h1:VyrYX9gd7irzKovcSS6BIIEwPRkP2Wm2m9ufcdFSJ34=
github.com/phayes/freeport v0.0.0-20141201041908-e7681b376149 h1:nU4ri+KRaSg4fOlRbGqaEHZ6tU84ZnrjHCqqq0em+VQ=
github.com/phayes/freeport v0.0.0-20141201041908-e7681b376149/go.mod h1:iIss55rKnNBTvrwdmkUpLnDpZoAHvWaiq5+iMmen4AE=
github.com/pkg/errors v0.9.1 h1:FEBLx1zS214owpjy7qsBeixbURkuhQAwrK5UwLGTwt4=
github.com/pkg/errors v0.9.1/go.mod h1:bwawxfHBFNV+L2hUp1rHADufV3IMtnDRdf1r5NINEl0=
github.com/pmezard/go-difflib v1.0.0 h1:4DBwDE0NGyQoBHbLQYPwSUPoCMWR5BEzIk/f1lZbAQM=
github.com/pmezard/go-difflib v1.0.0/go.mod h1:iKH77koFhYxTK1pcRnkKkqfTogsbg7gZNVY4sRDYZ/4=
github.com/rakyll/statik v0.1.1-0.20160322004535-2940084503a4 h1:6UhUengh0GxTWyOCh8Qzam8cXzSgtrQD5dIMbo8qVqI=
github.com/rakyll/statik v0.1.1-0.20160322004535-2940084503a4/go.mod h1:OEi9wJV/fMUAGx1eNjq75DKDsJVuEv1U0oYdX6GX8Zs=
github.com/rcrowley/go-metrics v0.0.0-20160226052904-eeba7bd0dd01 h1:XCHS0IhcFEQoiyKtFqXFRXgLKjcxOuyCDeeXPNb0T7o=
github.com/rcrowley/go-metrics v0.0.0-20160226052904-eeba7bd0dd01/go.mod h1:bCqnVzQkZxMG4s8nGwiZ5l3QUCyqpo9Y+/ZMZ9VjZe4=
github.com/remyoudompheng/bigfft v0.0.0-20190728182440-6a916e37a237/go.mod h1:qqbHyh8v60DhA7CoWK5oRCqLrMHRGoxYCSS9EjAz6Eo=
github.com/robertkrimen/otto v0.0.0-20180617131154-15f95af6e78d h1:1VUlQbCfkoSGv7qP7Y+ro3ap1P1pPZxgdGVqiTVy5C4=
github.com/robertkrimen/otto v0.0.0-20180617131154-15f95af6e78d/go.mod h1:xvqspoSXJTIpemEonrMDFq6XzwHYYgToXWj5eRX1OtY=
github.com/rogpeppe/go-charset v0.0.0-20180617210344-2471d30d28b4/go.mod h1:qgYeAmZ5ZIpBWTGllZSQnw97Dj+woV0toclVaRGI8pc=
github.com/ryanuber/go-glob v0.0.0-20170128012129-256dc444b735 h1:7YvPJVmEeFHR1Tj9sZEYsmarJEQfMVYpd/Vyy/A8dqE=
github.com/ryanuber/go-glob v0.0.0-20170128012129-256dc444b735/go.mod h1:807d1WSdnB0XRJzKNil9Om6lcp/3a0v4qIHxIXzX/Yc=
github.com/sirupsen/logrus v1.1.1 h1:VzGj7lhU7KEB9e9gMpAV/v5XT2NVSvLJhJLCWbnkgXg=
github.com/sirupsen/logrus v1.1.1/go.mod h1:zrgwTnHtNr00buQ1vSptGe8m1f/BbgsPukg8qsT7A+A=
github.com/spf13/cast v0.0.0-20160314192028-27b586b42e29 h1:Lgc6pP3ludnufG3ehP2WboB0IIKxlizm8NvXsI0/Z58=
github.com/spf13/cast v0.0.0-20160314192028-27b586b42e29/go.mod h1:r2rcYCSwa1IExKTDiTfzaxqT2FNHs8hODu4LnUfgKEg=
github.com/spf13/cobra v0.0.0-20160517171929-f36824430130 h1:FgjZIXM8t7/smwWZySOMSXVyrIACwJNdHMGvpdhXGCc=
github.com/spf13/cobra v0.0.0-20160517171929-f36824430130/go.mod h1:1l0Ry5zgKvJasoi3XT1TypsSe7PqH0Sj9dhYf7v3XqQ=
github.com/spf13/jwalterweatherman v0.0.0-20160311093646-33c24e77fb80 h1:evyGXhHMrxKBDkdlSPv9HMWV2o53o+Ibhm28BGc0450=
github.com/spf13/jwalterweatherman v0.0.0-20160311093646-33c24e77fb80/go.mod h1:cQK4TGJAtQXfYWX+Ddv3mKDzgVb68N+wFjFa4jdeBTo=
github.com/spf13/pflag v1.0.5 h1:iy+VFUOCP1a+8yFto/drg2CJ5u0yRoB7fZw3DKv/JXA=
github.com/spf13/pflag v1.0.5/go.mod h1:McXfInJRrz4CZXVZOBLb0bTZqETkiAhM9Iw0y3An2Bg=
github.com/spf13/viper v0.0.0-20160508180713-d8a428b8a306 h1:fvXBhJjS/jLG2A5yTggvllwqmgL4P6n6M9BKw1PIFmY=
github.com/spf13/viper v0.0.0-20160508180713-d8a428b8a306/go.mod h1:A8kyI5cUJhb8N+3pkfONlcEcZbueH6nhAm0Fq7SrnBM=
github.com/stretchr/objx v0.1.0/go.mod h1:HFkY916IF+rwdDfMAkV7OtwuqBVzrE8GR6GFx+wExME=
github.com/stretchr/testify v1.2.2/go.mod h1:a8OnRcib4nhh0OaRAV+Yts87kKdq0PP7pXfy6kDkUVs=
github.com/stretchr/testify v1.5.1/go.mod h1:5W2xD1RspED5o8YsWQXVCued0rvSQ+mT+I5cxcmMvtA=
github.com/stretchr/testify v1.8.0 h1:pSgiaMZlXftHpm5L7V1+rVB+AZJydKsMxsQBIJw4PKk=
github.com/tdewolff/minify/v2 v2.12.4 h1:kejsHQMM17n6/gwdw53qsi6lg0TGddZADVyQOz1KMdE=
github.com/tdewolff/minify/v2 v2.12.4/go.mod h1:h+SRvSIX3kwgwTFOpSckvSxgax3uy8kZTSF1Ojrr3bk=
github.com/tdewolff/parse/v2 v2.6.4 h1:KCkDvNUMof10e3QExio9OPZJT8SbdKojLBumw8YZycQ=
github.com/tdewolff/parse/v2 v2.6.4/go.mod h1:woz0cgbLwFdtbjJu8PIKxhW05KplTFQkOdX78o+Jgrs=
github.com/tdewolff/test v1.0.7 h1:8Vs0142DmPFW/bQeHRP3MV19m1gvndjUb1sn8yy74LM=
github.com/tdewolff/test v1.0.7/go.mod h1:6DAvZliBAAnD7rhVgwaM7DE5/d9NMOAJ09SqYqeK4QE=
github.com/xeipuuv/gojsonpointer v0.0.0-20170225233418-6fe8760cad35 h1:0TnXeVP6mx+A4CBf8cQVkQfkhyGBQCmJcT4g6zKzm7M=
github.com/xeipuuv/gojsonpointer v0.0.0-20170225233418-6fe8760cad35/go.mod h1:N2zxlSyiKSe5eX1tZViRH5QA0qijqEDrYZiPEAiq3wU=
github.com/xeipuuv/gojsonreference v0.0.0-20150808065054-e02fc20de94c h1:XZWnr3bsDQWAZg4Ne+cPoXRPILrNlPNQfxBuwLl43is=
github.com/xeipuuv/gojsonreference v0.0.0-20150808065054-e02fc20de94c/go.mod h1:GwrjFmJcFw6At/Gs6z4yjiIwzuJ1/+UwLxMQDVQXShQ=
github.com/xeipuuv/gojsonschema v0.0.0-20170225172124-ff0417f4272e h1:vhu5zToI4Rj62MgHj/UrrrM8RqNtKoCZUx8ARkpyzKA=
github.com/xeipuuv/gojsonschema v0.0.0-20170225172124-ff0417f4272e/go.mod h1:5yf86TLmAcydyeJq5YvxkGPE2fm/u4myDekKRoLuqhs=
github.com/yuin/goldmark v1.2.1/go.mod h1:3hX8gzYuyVAZsxl0MRgGTJEmQBFcNTphYh9decYSb74=
golang.org/x/crypto v0.0.0-20180904163835-0709b304e793/go.mod h1:6SG95UA2DQfeDnfUPMdvaQW0Q7yPrPDi9nlGo2tz2b4=
golang.org/x/crypto v0.0.0-20190308221718-c2843e01d9a2/go.mod h1:djNgcEr1/C05ACkg1iLfiJU5Ep61QUkGW8qpdssI0+w=
golang.org/x/crypto v0.0.0-20191011191535-87dc89f01550/go.mod h1:yigFU9vqHzYiE8UmvKecakEJjdnWj3jj499lnFckfCI=
golang.org/x/crypto v0.0.0-20200622213623-75b288015ac9/go.mod h1:LzIPMQfyMNhhGPhUkYOs5KpL4U8rLKemX1yGLhDgUto=
golang.org/x/crypto v0.1.0 h1:MDRAIl0xIo9Io2xV565hzXHw3zVseKrJKodhohM5CjU=
golang.org/x/crypto v0.1.0/go.mod h1:RecgLatLF4+eUMCP1PoPZQb+cVrJcOPbHkTkbkB9sbw=
golang.org/x/exp v0.0.0-20180321215751-8460e604b9de/go.mod h1:CJ0aWSM057203Lf6IL+f9T1iT9GByDxfZKAQTCR3kQA=
golang.org/x/exp v0.0.0-20180807140117-3d87b88a115f/go.mod h1:CJ0aWSM057203Lf6IL+f9T1iT9GByDxfZKAQTCR3kQA=
golang.org/x/exp v0.0.0-20190125153040-c74c464bbbf2/go.mod h1:CJ0aWSM057203Lf6IL+f9T1iT9GByDxfZKAQTCR3kQA=
golang.org/x/exp v0.0.0-20190312203227-4b39c73a6495 h1:I6A9Ag9FpEKOjcKrRNjQkPHawoXIhKyTGfvvjFAiiAk=
golang.org/x/exp v0.0.0-20190312203227-4b39c73a6495/go.mod h1:ZjyILWgesfNpC6sMxTJOJm9Kp84zZh5NQWvqDGG3Qr8=
golang.org/x/image v0.0.0-20180708004352-c73c2afc3b81/go.mod h1:ux5Hcp/YLpHSI86hEcLt0YII63i6oz57MZXIpbrjZUs=
golang.org/x/image v0.0.0-20190227222117-0694c2d4d067/go.mod h1:kZ7UVZpmo3dzQBMxlp+ypCbDeSB+sBbTgSJuh5dn5js=
golang.org/x/mobile v0.0.0-20190312151609-d3739f865fa6/go.mod h1:z+o9i4GpDbdi3rU15maQ/Ox0txvL9dWGYEHz965HBQE=
golang.org/x/mod v0.3.0/go.mod h1:s0Qsj1ACt9ePp/hMypM3fl4fZqREWJwdYDEqhRiZZUA=
golang.org/x/net v0.0.0-20180906233101-161cd47e91fd/go.mod h1:mL1N/T3taQHkDXs73rZJwtUhF3w3ftmwwsq0BUmARs4=
golang.org/x/net v0.0.0-20190311183353-d8887717615a/go.mod h1:t9HGtf8HONx5eT2rtn7q6eTqICYqUVnKs3thJo3Qplg=
golang.org/x/net v0.0.0-20190404232315-eb5bcb51f2a3/go.mod h1:t9HGtf8HONx5eT2rtn7q6eTqICYqUVnKs3thJo3Qplg=
golang.org/x/net v0.0.0-20190620200207-3b0461eec859/go.mod h1:z5CRVTTTmAJ677TzLLGU+0bjPO0LkuOLi4/5GtJWs/s=
golang.org/x/net v0.0.0-20200520004742-59133d7f0dd7/go.mod h1:qpuaurCH72eLCgpAm/N6yyVIVM9cpaDIP3A8BGJEC5A=
golang.org/x/net v0.0.0-20201021035429-f5854403a974/go.mod h1:sp8m0HH+o8qH0wwXwYZr8TS3Oi6o0r6Gce1SSxlDquU=
golang.org/x/net v0.0.0-20210331212208-0fccb6fa2b5c/go.mod h1:p54w0d4576C0XHj96bSt6lcn1PtDYWL6XObtHCRCNQM=
golang.org/x/net v0.3.1-0.20221206200815-1e63c2f08a10 h1:Frnccbp+ok2GkUS2tC84yAq/U9Vg+0sIO7aRL3T4Xnc=
golang.org/x/net v0.3.1-0.20221206200815-1e63c2f08a10/go.mod h1:MBQ8lrhLObU/6UmLb4fmbmk5OcyYmqtbGd/9yIeKjEE=
golang.org/x/sync v0.0.0-20180314180146-1d60e4601c6f/go.mod h1:RxMgew5VJxzue5/jJTE5uejpjVlOe/izrB70Jof72aM=
golang.org/x/sync v0.0.0-20190423024810-112230192c58/go.mod h1:RxMgew5VJxzue5/jJTE5uejpjVlOe/izrB70Jof72aM=
golang.org/x/sync v0.0.0-20201020160332-67f06af15bc9/go.mod h1:RxMgew5VJxzue5/jJTE5uejpjVlOe/izrB70Jof72aM=
golang.org/x/sys v0.0.0-20180905080454-ebe1bf3edb33/go.mod h1:STP8DvDyc/dI5b8T5hshtkjS+E42TnysNCUPdjciGhY=
golang.org/x/sys v0.0.0-20180909124046-d0be0721c37e/go.mod h1:STP8DvDyc/dI5b8T5hshtkjS+E42TnysNCUPdjciGhY=
golang.org/x/sys v0.0.0-20190215142949-d0b11bdaac8a/go.mod h1:STP8DvDyc/dI5b8T5hshtkjS+E42TnysNCUPdjciGhY=
golang.org/x/sys v0.0.0-20190312061237-fead79001313/go.mod h1:h1NjWce9XRLGQEsW7wpKNCjG9DtNlClVuFLEZdDNbEs=
golang.org/x/sys v0.0.0-20190412213103-97732733099d/go.mod h1:h1NjWce9XRLGQEsW7wpKNCjG9DtNlClVuFLEZdDNbEs=
golang.org/x/sys v0.0.0-20190904154756-749cb33beabd/go.mod h1:h1NjWce9XRLGQEsW7wpKNCjG9DtNlClVuFLEZdDNbEs=
golang.org/x/sys v0.0.0-20191005200804-aed5e4c7ecf9/go.mod h1:h1NjWce9XRLGQEsW7wpKNCjG9DtNlClVuFLEZdDNbEs=
golang.org/x/sys v0.0.0-20191120155948-bd437916bb0e/go.mod h1:h1NjWce9XRLGQEsW7wpKNCjG9DtNlClVuFLEZdDNbEs=
golang.org/x/sys v0.0.0-20200323222414-85ca7c5b95cd/go.mod h1:h1NjWce9XRLGQEsW7wpKNCjG9DtNlClVuFLEZdDNbEs=
golang.org/x/sys v0.0.0-20200930185726-fdedc70b468f/go.mod h1:h1NjWce9XRLGQEsW7wpKNCjG9DtNlClVuFLEZdDNbEs=
golang.org/x/sys v0.0.0-20201119102817-f84b799fce68/go.mod h1:h1NjWce9XRLGQEsW7wpKNCjG9DtNlClVuFLEZdDNbEs=
golang.org/x/sys v0.0.0-20210112080510-489259a85091/go.mod h1:h1NjWce9XRLGQEsW7wpKNCjG9DtNlClVuFLEZdDNbEs=
golang.org/x/sys v0.0.0-20210330210617-4fbd30eecc44/go.mod h1:h1NjWce9XRLGQEsW7wpKNCjG9DtNlClVuFLEZdDNbEs=
golang.org/x/sys v0.0.0-20220412211240-33da011f77ad/go.mod h1:oPkhp1MJrh7nUepCBck5+mAzfO9JrbApNNgaTdGDITg=
golang.org/x/sys v0.3.0 h1:w8ZOecv6NaNa/zC8944JTU3vz4u6Lagfk4RPQxv92NQ=
golang.org/x/sys v0.3.0/go.mod h1:oPkhp1MJrh7nUepCBck5+mAzfO9JrbApNNgaTdGDITg=
golang.org/x/term v0.0.0-20201126162022-7de9c90e9dd1/go.mod h1:bj7SfCRtBDWHUb9snDiAeCFNEtKQo2Wmx5Cou7ajbmo=
golang.org/x/term v0.3.0 h1:qoo4akIqOcDME5bhc/NgxUdovd6BSS2uMsVjB56q1xI=
golang.org/x/term v0.3.0/go.mod h1:q750SLmJuPmVoN1blW3UFBPREJfb1KmY3vwxfr+nFDA=
golang.org/x/text v0.3.0/go.mod h1:NqM8EUOU14njkJ3fqMW+pc6Ldnwhi/IjpwHt7yyuwOQ=
golang.org/x/text v0.3.3/go.mod h1:5Zoc/QRtKVWzQhOtBMvqHzDpF6irO9z98xDceosuGiQ=
golang.org/x/text v0.3.6/go.mod h1:5Zoc/QRtKVWzQhOtBMvqHzDpF6irO9z98xDceosuGiQ=
golang.org/x/text v0.5.0 h1:OLmvp0KP+FVG99Ct/qFiL/Fhk4zp4QQnZ7b2U+5piUM=
golang.org/x/text v0.5.0/go.mod h1:mrYo+phRRbMaCq/xk9113O4dZlRixOauAjOtrjsXDZ8=
golang.org/x/tools v0.0.0-20180525024113-a5b4c53f6e8b/go.mod h1:n7NCudcB/nEzxVGmLbDWY5pfWTLqBcC2KZ6jyYvM4mQ=
golang.org/x/tools v0.0.0-20180917221912-90fa682c2a6e/go.mod h1:n7NCudcB/nEzxVGmLbDWY5pfWTLqBcC2KZ6jyYvM4mQ=
golang.org/x/tools v0.0.0-20190206041539-40960b6deb8e/go.mod h1:n7NCudcB/nEzxVGmLbDWY5pfWTLqBcC2KZ6jyYvM4mQ=
golang.org/x/tools v0.0.0-20190312151545-0bb0c0a6e846/go.mod h1:LCzVGOaR6xXOjkQ3onu1FJEFr0SW1gC7cKk1uF8kGRs=
golang.org/x/tools v0.0.0-20191119224855-298f0cb1881e/go.mod h1:b+2E5dAYhXwXZwtnZ6UAqBI28+e2cm9otk0dWdXHAEo=
golang.org/x/tools v0.0.0-20201224043029-2b0845dc783e/go.mod h1:emZCQorbCU4vsT4fOWvOPXz4eW1wZW4PmDk9uLelYpA=
golang.org/x/xerrors v0.0.0-20190717185122-a985d3407aa7/go.mod h1:I/5z698sn9Ka8TeJc9MKroUUfqBBauWjQqLJ2OPfmY0=
golang.org/x/xerrors v0.0.0-20191011141410-1b5146add898/go.mod h1:I/5z698sn9Ka8TeJc9MKroUUfqBBauWjQqLJ2OPfmY0=
golang.org/x/xerrors v0.0.0-20191204190536-9bdfabe68543/go.mod h1:I/5z698sn9Ka8TeJc9MKroUUfqBBauWjQqLJ2OPfmY0=
golang.org/x/xerrors v0.0.0-20200804184101-5ec99f83aff1/go.mod h1:I/5z698sn9Ka8TeJc9MKroUUfqBBauWjQqLJ2OPfmY0=
gonum.org/v1/gonum v0.0.0-20180816165407-929014505bf4/go.mod h1:Y+Yx5eoAFn32cQvJDxZx5Dpnq+c3wtXuadVZAcxbbBo=
gonum.org/v1/gonum v0.7.0 h1:Hdks0L0hgznZLG9nzXb8vZ0rRvqNvAcgAp84y7Mwkgw=
gonum.org/v1/gonum v0.7.0/go.mod h1:L02bwd0sqlsvRv41G7wGWFCsVNZFv/k1xzGIxeANHGM=
gonum.org/v1/netlib v0.0.0-20190313105609-8cb42192e0e0/go.mod h1:wa6Ws7BG/ESfp6dHfk7C6KdzKA7wR7u/rKwOGE66zvw=
gonum.org/v1/netlib v0.0.0-20200317120129-c5a04cffd98a h1:y158/g9tKwBGw9gnNENlUIi9NTJCoiQg2RFB1gr9atQ=
gonum.org/v1/netlib v0.0.0-20200317120129-c5a04cffd98a/go.mod h1:6EVtvAMWMjOBOsTVX0xrjO4A6ULtEgWtAWHzqxDWdJs=
gonum.org/v1/plot v0.0.0-20190515093506-e2840ee46a6b/go.mod h1:Wt8AAjI+ypCyYX3nZBvf6cAIx93T+c/OS2HFAYskSZc=
google.golang.org/protobuf v0.0.0-20200109180630-ec00e32a8dfd/go.mod h1:DFci5gLYBciE7Vtevhsrf46CRTquxDuWsQurQQe4oz8=
google.golang.org/protobuf v0.0.0-20200221191635-4d8936d0db64/go.mod h1:kwYJMbMJ01Woi6D6+Kah6886xMZcty6N08ah7+eCXa0=
google.golang.org/protobuf v0.0.0-20200228230310-ab0ca4ff8a60/go.mod h1:cfTl7dwQJ+fmap5saPgwCLgHXTUD7jkjRqWcaiX5VyM=
google.golang.org/protobuf v1.20.1-0.20200309200217-e05f789c0967/go.mod h1:A+miEFZTKqfCUM6K7xSMQL9OKL/b6hQv+e19PK+JZNE=
google.golang.org/protobuf v1.21.0/go.mod h1:47Nbq4nVaFHyn7ilMalzfO3qCViNmqZ2kzikPIcrTAo=
google.golang.org/protobuf v1.23.0/go.mod h1:EGpADcykh3NcUnDUJcl1+ZksZNG86OlYog2l/sGQquU=
google.golang.org/protobuf v1.28.1 h1:d0NfwRgPtno5B1Wa6L2DAG+KivqkdutMf1UhdNx175w=
gopkg.in/check.v1 v0.0.0-20161208181325-20d25e280405 h1:yhCVgyC4o1eVCa2tZl7eS0r+SDo693bJlVdllGtEeKM=
gopkg.in/check.v1 v0.0.0-20161208181325-20d25e280405/go.mod h1:Co6ibVJAznAaIkqp8huTwlJQCZ016jof/cbN4VW5Yz0=
gopkg.in/fsnotify.v1 v1.4.7/go.mod h1:Tz8NjZHkW78fSQdbUxIjBTcgA1z1m8ZHf0WmKUhAMys=
gopkg.in/sourcemap.v1 v1.0.5 h1:inv58fC9f9J3TK2Y2R1NPntXEn3/wjWHkonhIUODNTI=
gopkg.in/sourcemap.v1 v1.0.5/go.mod h1:2RlvNNSMglmRrcvhfuzp4hQHwOtjxlbjX7UPY/GXb78=
gopkg.in/tomb.v1 v1.0.0-20141024135613-dd632973f1e7 h1:uRGJdciOHaEIrze2W8Q3AKkepLTh2hOroT7a+7czfdQ=
gopkg.in/tomb.v1 v1.0.0-20141024135613-dd632973f1e7/go.mod h1:dt/ZhP58zS4L8KSrWDmTeBkI65Dw0HsyUHuEVlX15mw=
gopkg.in/yaml.v2 v2.2.2/go.mod h1:hI93XBmqTisBFMUTm0b8Fm+jr3Dg1NNxqwp+5A1VGuI=
gopkg.in/yaml.v2 v2.2.4/go.mod h1:hI93XBmqTisBFMUTm0b8Fm+jr3Dg1NNxqwp+5A1VGuI=
gopkg.in/yaml.v2 v2.3.0/go.mod h1:hI93XBmqTisBFMUTm0b8Fm+jr3Dg1NNxqwp+5A1VGuI=
gopkg.in/yaml.v2 v2.4.0 h1:D8xgwECY7CYvx+Y2n4sBz93Jn9JRvxdiyyo8CTfuKaY=
gopkg.in/yaml.v2 v2.4.0/go.mod h1:RDklbk79AGWmwhnvt/jBztapEOGDOx6ZbXqjP6csGnQ=
gopkg.in/yaml.v3 v3.0.1 h1:fxVm/GzAzEWqLHuvctI91KS9hhNmmWOoWu0XTYJS7CA=
gopkg.in/yaml.v3 v3.0.1/go.mod h1:K4uyk7z7BCEPqu6E+C64Yfv1cQ7kz7rIZviUmN+EgEM=
k8s.io/client-go v0.26.1 h1:87CXzYJnAMGaa/IDDfRdhTzxk/wzGZ+/HUQpqgVSZXU=
k8s.io/client-go v0.26.1/go.mod h1:IWNSglg+rQ3OcvDkhY6+QLeasV4OYHDjdqeWkDQZwGE=
modernc.org/cc v1.0.0/go.mod h1:1Sk4//wdnYJiUIxnW8ddKpaOJCF37yAdqYnkxUpaYxw=
modernc.org/golex v1.0.0/go.mod h1:b/QX9oBD/LhixY6NDh+IdGv17hgB+51fET1i2kPSmvk=
modernc.org/mathutil v1.0.0/go.mod h1:wU0vUrJsVWBZ4P6e7xtFJEhFSNsfRLJ8H458uRjg03k=
modernc.org/strutil v1.1.0/go.mod h1:lstksw84oURvj9y3tn8lGvRxyRC1S2+g5uuIzNfIOBs=
modernc.org/xc v1.0.0/go.mod h1:mRNCo0bvLjGhHO9WsyuKVU4q0ceiDDDoEeWDJHrNx8I=
rsc.io/pdf v0.1.1/go.mod h1:n8OzWcQ6Sp37PL01nO98y4iUCRdTGarVfzxY20ICaU4=
