# This file is autogenerated, do not edit; changes may be undone by the next 'dep ensure'.


[[projects]]
  branch = "datetimes"
  digest = "1:0c8b8fc038324ec7e495ed9ace24019e1780d9a03152d1a3d511c3cad6c317b3"
  name = "github.com/BurntSushi/toml"
  packages = ["."]
  pruneopts = "UT"
  revision = "f0aeabca5a127c4078abb8c8d64298b147264b55"

[[projects]]
  digest = "1:3f05b2028e83bf1d97d9ab2874bfc9f12f91a2946019499f830db16a02eb2385"
  name = "github.com/ChrisTrenkamp/goxpath"
  packages = [
    ".",
    "internal/execxp",
    "internal/lexer",
    "internal/parser",
    "internal/parser/findutil",
    "internal/parser/intfns",
    "internal/parser/pathexpr",
    "internal/xconst",
    "internal/xsort",
    "tree",
    "tree/xmltree",
    "tree/xmltree/xmlbuilder",
    "tree/xmltree/xmlele",
    "tree/xmltree/xmlnode",
  ]
  pruneopts = "UT"
  revision = "2ad3b31cf4a21db70fc0cacd0e0120eaae566f98"
  version = "v1.0-alpha3"

[[projects]]
  digest = "1:b4cf1fcc8408e57bcb534c9ad33740e79ccf0d859efe8d1f79490116f09abe6a"
  name = "github.com/SpectoLabs/goproxy"
  packages = [
    ".",
    "ext/auth",
  ]
  pruneopts = "UT"
  revision = "5f8c6dc15bd5b7f4d4f1419d7ca77c4da6cbb804"

[[projects]]
  branch = "master"
  digest = "1:250a30c3b6ad1bcb6a2a9d82bea5f1324432556a722da02deb2e15814505e388"
  name = "github.com/antonholmquist/jason"
  packages = ["."]
  pruneopts = "UT"
  revision = "962e09b85496e2e158eec1567fb4c826ce3d55d1"

[[projects]]
  digest = "1:4333e9d9cc731d01e67e19c33da46e95860b95f8b8032bc586d69b169e1b0c1b"
  name = "github.com/aymerick/raymond"
  packages = [
    ".",
    "ast",
    "lexer",
    "parser",
  ]
  pruneopts = "UT"
  revision = "2eebd0f5dd9564c0c6e439df11d8a3c7b9b9ab11"
  version = "v2.0.2"

[[projects]]
  digest = "1:33f7fdedcf9575b0e9d919403464817b2bfe9f594449665de14d180469d6bc7b"
  name = "github.com/boltdb/bolt"
  packages = ["."]
  pruneopts = "UT"
  revision = "d97499360d1ecebc492ea66c7447ea948f417620"

[[projects]]
  digest = "1:375956d748d24c740fc36c7ba4494ce3723d710a3675c7e71f7f1490abab9d21"
  name = "github.com/codegangsta/negroni"
  packages = ["."]
  pruneopts = "UT"
  revision = "24bf3506bb5e25bf9fe26f644872f77656d51b57"

[[projects]]
  branch = "master"
  digest = "1:cc439e1d9d8cff3d575642f5401033b00f2b8d0cd9f859db45604701c990879a"
  name = "github.com/corpix/uarand"
  packages = ["."]
  pruneopts = "UT"
  revision = "2b8494104d86337cdd41d0a49cbed8e4583c0ab4"

[[projects]]
  digest = "1:fba61d8584058169c5bd4625196f33077ba937f7131625d4440686c5e4cff380"
  name = "github.com/dghubble/sling"
  packages = ["."]
  pruneopts = "UT"
  revision = "e2624bf29a7de45ab0802b09aea94ca0a7815c5f"

[[projects]]
  digest = "1:31a0d1b8824d51a2af03e9561d584811b2d7dd6593483aca5c37439c85081f5a"
  name = "github.com/dgrijalva/jwt-go"
  packages = ["."]
  pruneopts = "UT"
  revision = "40bd0f3b4891a9d7f121bfb7b8e8b0525625e262"

[[projects]]
  branch = "master"
  digest = "1:875fe9a0dc3abec8ad91dc62a9ab83bd38a7a695a090b50f20e0d72419523958"
  name = "github.com/dsnet/compress"
  packages = [
    "brotli",
    "internal",
    "internal/errors",
  ]
  pruneopts = "UT"
  revision = "cc9eb1d7ad760af14e8f918698f745e80377af4f"

[[projects]]
  digest = "1:5090e5a6c258819b01599ad10f6c6c252133c0c5041dbf18122df8dc66db69c9"
  name = "github.com/fsnotify/fsnotify"
  packages = ["."]
  pruneopts = "UT"
  revision = "30411dbcefb7a1da7e84f75530ad3abe4011b4f8"
  version = "v1.3.0"

[[projects]]
  digest = "1:dd867c470f9b7fad34306227aa175bac9a4f7118bf694cfdd0850c667b7203f0"
  name = "github.com/go-zoo/bone"
  packages = ["."]
  pruneopts = "UT"
  revision = "2b727a8601bc7a74fac33a9583ebba67779c502d"

[[projects]]
  digest = "1:0462ed1f3f429a22f99e78a717262e7a02bf9c9b212ea2d66664532a8d73b406"
  name = "github.com/google/go-querystring"
  packages = ["query"]
  pruneopts = "UT"
  revision = "9235644dd9e52eeae6fa48efd539fdc351a0af53"

[[projects]]
  digest = "1:95d919a0ead1ee36abd87a69b24e2035c156c340fe1947f96014769fcbcb1a77"
  name = "github.com/gorilla/context"
  packages = ["."]
  pruneopts = "UT"
  revision = "a8d44e7d8e4d532b6a27a02dd82abb31cc1b01bd"

[[projects]]
  digest = "1:23e8ac17f1d4af447658438fc62d76850251c020d3ce9a13640860883769d704"
  name = "github.com/gorilla/mux"
  packages = ["."]
  pruneopts = "UT"
  revision = "9c19ed558d5df4da88e2ade9c8940d742aef0e7e"

[[projects]]
  digest = "1:c0b2caa5994f1de75c3480c67912ee68783e14c5a46dd617c344bc235403609f"
  name = "github.com/gorilla/websocket"
  packages = ["."]
  pruneopts = "UT"
  revision = "1f512fc3f05332ba7117626cdfb4e07474e58e60"
  version = "v1.0.0"

[[projects]]
  digest = "1:8ec8d88c248041a6df5f6574b87bc00e7e0b493881dad2e7ef47b11dc69093b5"
  name = "github.com/hashicorp/golang-lru"
  packages = [
    ".",
    "simplelru",
  ]
  pruneopts = "UT"
  revision = "20f1fb78b0740ba8c3cb143a61e86ba5c8669768"
  version = "v0.5.0"

[[projects]]
  digest = "1:c7ed22231eb411f558a56e43cd40a7a7f5effa5fcfa7b2bfc142f92742db19c3"
  name = "github.com/hashicorp/hcl"
  packages = [
    ".",
    "hcl/ast",
    "hcl/parser",
    "hcl/scanner",
    "hcl/strconv",
    "hcl/token",
    "json/parser",
    "json/scanner",
    "json/token",
  ]
  pruneopts = "UT"
  revision = "9a905a34e6280ce905da1a32344b25e81011197a"

[[projects]]
  branch = "master"
  digest = "1:22725c01ecd8ed0c0f0078944305a57053340d92878b02db925c660cc4accf64"
  name = "github.com/icrowley/fake"
  packages = ["."]
  pruneopts = "UT"
  revision = "4178557ae428460c3780a381c824a1f3aceb6325"

[[projects]]
  digest = "1:870d441fe217b8e689d7949fef6e43efbc787e50f200cb1e70dbca9204a1d6be"
  name = "github.com/inconshreveable/mousetrap"
  packages = ["."]
  pruneopts = "UT"
  revision = "76626ae9c91c4f2a10f34cad8ce83ea42c93bb75"
  version = "v1.0"

[[projects]]
  branch = "master"
  digest = "1:d5e9f8d73ec9be95706d5cc9a668490ec54b5bc7e00b4a0787151dbc4d84d120"
  name = "github.com/jackwakefield/gopac"
  packages = ["."]
  pruneopts = "UT"
  revision = "c4d2e0b9a672ebe23166683a72536344384b0e99"

[[projects]]
  digest = "1:1b757c57370ec125e15aefe0080cdd95d117df56dac53274c357d228ebd1f0e1"
  name = "github.com/kardianos/osext"
  packages = ["."]
  pruneopts = "UT"
  revision = "29ae4ffbc9a6fe9fb2bc5029050ce6996ea1d3bc"

[[projects]]
  digest = "1:0a69a1c0db3591fcefb47f115b224592c8dfa4368b7ba9fae509d5e16cdc95c8"
  name = "github.com/konsorten/go-windows-terminal-sequences"
  packages = ["."]
  pruneopts = "UT"
  revision = "5c8c8bd35d3832f5d134ae1e1e375b69a4d25242"
  version = "v1.0.1"

[[projects]]
  digest = "1:5759a78294f706962fbdf7179d70ebdb640b09bb6a45a8aa392d1d03898d95f4"
  name = "github.com/magiconair/properties"
  packages = ["."]
  pruneopts = "UT"
  revision = "c265cfa48dda6474e208715ca93e987829f572f8"
  version = "v1.7.0"

[[projects]]
  digest = "1:1583473db99b1057f15e6acf80fee5848c055aad49614f56862690aadcb87694"
  name = "github.com/mattn/go-runewidth"
  packages = ["."]
  pruneopts = "UT"
  revision = "d6bea18f789704b5f83375793155289da36a3c7f"
  version = "v0.0.1"

[[projects]]
  branch = "master"
  digest = "1:12ae6210bdbdad658a9a67fd95cd9c99f7fdbf12f6d36eaf0af704e69dacf4f5"
  name = "github.com/mitchellh/go-homedir"
  packages = ["."]
  pruneopts = "UT"
  revision = "b8bc1bf767474819792c23f32d8286a45736f1c6"

[[projects]]
  digest = "1:a0e662cc131d655741943072460fa05bd351f3f8b64180fa7a10db9aee758f4e"
  name = "github.com/mitchellh/mapstructure"
  packages = ["."]
  pruneopts = "UT"
  revision = "d2dd0262208475919e1a362f675cfc0e7c10e905"

[[projects]]
  digest = "1:784cee8975fa810326e36b7e4dbf9ea934e05e787cce5e36f1521dbc08cad7b0"
  name = "github.com/olekukonko/tablewriter"
  packages = ["."]
  pruneopts = "UT"
  revision = "febf2d34b54a69ce7530036c7503b1c9fbfdf0bb"

[[projects]]
  digest = "1:6495e7881539c1bb99ce8569c5215b7789f028e904c094f33b4380cc08c7fcce"
  name = "github.com/onsi/ginkgo"
  packages = [
    ".",
    "config",
    "internal/codelocation",
    "internal/containernode",
    "internal/failer",
    "internal/leafnodes",
    "internal/remote",
    "internal/spec",
    "internal/specrunner",
    "internal/suite",
    "internal/testingtproxy",
    "internal/writer",
    "reporters",
    "reporters/stenographer",
    "types",
  ]
  pruneopts = "UT"
  revision = "2c2e9bb47b4e44067024f29339588cac8b34dd12"

[[projects]]
  digest = "1:3790c9f25cfd8039ccb355e5cb0155f838d80b783779be7c500762171ba7ff83"
  name = "github.com/onsi/gomega"
  packages = [
    ".",
    "format",
    "gbytes",
    "gexec",
    "internal/assertion",
    "internal/asyncassertion",
    "internal/oraclematcher",
    "internal/testingtsupport",
    "matchers",
    "matchers/support/goraph/bipartitegraph",
    "matchers/support/goraph/edge",
    "matchers/support/goraph/node",
    "matchers/support/goraph/util",
    "types",
  ]
  pruneopts = "UT"
  revision = "7ce781ea776b2fd506491011353bded2e40c8467"

[[projects]]
  digest = "1:def181b5a85202caf6f0994be6680ed3d4ab42733ec9fdcf1c2df9dd0fae2b6f"
  name = "github.com/pborman/uuid"
  packages = ["."]
  pruneopts = "UT"
  revision = "c55201b036063326c5b1b89ccfe45a184973d073"

[[projects]]
  digest = "1:8845cf1e26c684dc871891ce953d802403dd97285d0e1a3b06dc87b08eb7b237"
  name = "github.com/phayes/freeport"
  packages = ["."]
  pruneopts = "UT"
  revision = "e7681b37614941bf73b404e0caa37f19e33b5fed"

[[projects]]
  digest = "1:3408964fd094239e2c7cd37b6cb16bd63a6df5b04a0ccfcea9f988dc91c6819d"
  name = "github.com/rakyll/statik"
  packages = ["fs"]
  pruneopts = "UT"
  revision = "2940084503a48359b41de178874e862c5bc3efe8"

[[projects]]
  digest = "1:34a4caa0fc97532679aa65b1c344338099def58f5bc203ba8bd901683adbb544"
  name = "github.com/rcrowley/go-metrics"
  packages = ["."]
  pruneopts = "UT"
  revision = "eeba7bd0dd01ace6e690fa833b3f22aaec29af43"

[[projects]]
  branch = "master"
  digest = "1:dbfe572cc258e5bcf54cb650a06d90edd0da04e42ca1ed909cc1d49f00011c63"
  name = "github.com/robertkrimen/otto"
  packages = [
    ".",
    "ast",
    "dbg",
    "file",
    "parser",
    "registry",
    "token",
  ]
  pruneopts = "UT"
  revision = "15f95af6e78dcd2030d8195a138bd88d4f403546"

[[projects]]
  branch = "master"
  digest = "1:5b92d232e81c3e8eec282c92dcaa2e0e1ad3c23157be19a01b3e33f7e6e8d137"
  name = "github.com/ryanuber/go-glob"
  packages = ["."]
  pruneopts = "UT"
  revision = "256dc444b735e061061cf46c809487313d5b0065"

[[projects]]
  digest = "1:3f53e9e4dfbb664cd62940c9c4b65a2171c66acd0b7621a1a6b8e78513525a52"
  name = "github.com/sirupsen/logrus"
  packages = ["."]
  pruneopts = "UT"
  revision = "ad15b42461921f1fb3529b058c6786c6a45d5162"
  version = "v1.1.1"

[[projects]]
  digest = "1:246acdf3cea3df9c60a5c4d3e4961ed99fc01631ef0f45156d0fb37debc22aea"
  name = "github.com/spf13/cast"
  packages = ["."]
  pruneopts = "UT"
  revision = "27b586b42e29bec072fe7379259cc719e1289da6"

[[projects]]
  digest = "1:e098e8fd022ebd090827565a28198bbc196e72fe0557399af7c0d550040bda32"
  name = "github.com/spf13/cobra"
  packages = ["."]
  pruneopts = "UT"
  revision = "f368244301305f414206f889b1735a54cfc8bde8"

[[projects]]
  digest = "1:16c1437fdd40ea6e3419868c7ee065376bb36c660c63d86dc858bdf05d20033d"
  name = "github.com/spf13/jwalterweatherman"
  packages = ["."]
  pruneopts = "UT"
  revision = "33c24e77fb80341fe7130ee7c594256ff08ccc46"

[[projects]]
  digest = "1:00b1571a9044e9977c1e6ddd9a287058d6af85e4385b5fed1e70dea79527fd0c"
  name = "github.com/spf13/pflag"
  packages = ["."]
  pruneopts = "UT"
  revision = "cb88ea77998c3f024757528e3305022ab50b43be"

[[projects]]
  digest = "1:1652495760b693e2db64597819ba94c31c2fa5c47ca4e622d361a4f145fa4435"
  name = "github.com/spf13/viper"
  packages = ["."]
  pruneopts = "UT"
  revision = "d8a428b8a30606e1d0b355d91edf282609ade1a6"

[[projects]]
  digest = "1:b1b9bbb8fb0d95974208154f6b2d756f88a343a7e820966953895ccd06112da3"
  name = "github.com/tdewolff/buffer"
  packages = ["."]
  pruneopts = "UT"
  revision = "0edfcb7b750146ff879e95831de2ef53605a5cb5"

[[projects]]
  digest = "1:2b19de668106fabe8df0040b1fea546aa3922e241258e922af7475599c8a803d"
  name = "github.com/tdewolff/minify"
  packages = [
    ".",
    "json",
    "xml",
  ]
  pruneopts = "UT"
  revision = "28aac1f92d928dfb63dd0258a3b2248a020e86da"

[[projects]]
  digest = "1:15a44ece7ca16666bf27f6d80b91f9eb3a5132223ddaf6a6e6b9bb20a62ab793"
  name = "github.com/tdewolff/parse"
  packages = [
    ".",
    "json",
    "xml",
  ]
  pruneopts = "UT"
  revision = "34d5c1160d4503da4b456e5094609f2331d6dde3"

[[projects]]
  digest = "1:b1296459805baec25e47613eec3c7bef3ecfa1df19865266909814694cf74582"
  name = "github.com/tdewolff/strconv"
  packages = ["."]
  pruneopts = "UT"
  revision = "3e8091f4417ebaaa3910da63a45ea394ebbfb0e3"
  version = "v1.0.0"

[[projects]]
  digest = "1:bf43e36bbce8327ffb940974d64d902e2fe2ca810963386e33b162559e7c97f5"
  name = "github.com/xeipuuv/gojsonpointer"
  packages = ["."]
  pruneopts = "UT"
  revision = "6fe8760cad3569743d51ddbb243b26f8456742dc"

[[projects]]
  digest = "1:32bcfc1e3d2f83a36e1b0fb680b7363aff4154aafafde1dc4d7112b82f5151f1"
  name = "github.com/xeipuuv/gojsonreference"
  packages = ["."]
  pruneopts = "UT"
  revision = "e02fc20de94c78484cd5ffb007f8af96be030a45"

[[projects]]
  digest = "1:2cf558d85e0ebc56b5a4b6c53b5753f21bd20f623bc2fd4249986dd6c5d50637"
  name = "github.com/xeipuuv/gojsonschema"
  packages = ["."]
  pruneopts = "UT"
  revision = "ff0417f4272e480246b4507459b3f6ae721a87ac"

[[projects]]
  digest = "1:71537ddfc81f408e585e2041f1353063b22ca49617b5f27823a015074db82ce6"
  name = "golang.org/x/crypto"
  packages = [
    "bcrypt",
    "blowfish",
    "ssh/terminal",
  ]
  pruneopts = "UT"
  revision = "5bcd134fee4dd1475da17714aac19c0aa0142e2f"

[[projects]]
  branch = "master"
  digest = "1:47bcbdf2a60a0bdd142f07f60771078857310fd1ededeb03956add7c7f6bef33"
  name = "golang.org/x/exp"
  packages = ["rand"]
  pruneopts = "UT"
  revision = "d68db9428509638038945048f64207fa0ab318cb"

[[projects]]
  digest = "1:4939e20b972c22cd512abff0bf6ed8fc0e3e86aeb836d016be3323c6a901d99d"
  name = "golang.org/x/net"
  packages = [
    "html",
    "html/atom",
    "html/charset",
  ]
  pruneopts = "UT"
  revision = "d26f9f9a57f3fab6a695bec0d84433c2c50f8bbf"

[[projects]]
  digest = "1:0ae13a0654fad3a9eb2cd77dcad842b6d334e62e23fd632937fcc78981cc727c"
  name = "golang.org/x/sys"
  packages = ["unix"]
  pruneopts = "UT"
  revision = "d4feaf1a7e61e1d9e79e6c4e76c6349e9cab0a03"

[[projects]]
  digest = "1:2531228a70ebbaca4d661fcce45463ba2e5c23c36d8ceaf41ee8e8d322ee699e"
  name = "golang.org/x/text"
  packages = [
    "encoding",
    "encoding/charmap",
    "encoding/htmlindex",
    "encoding/internal",
    "encoding/internal/identifier",
    "encoding/japanese",
    "encoding/korean",
    "encoding/simplifiedchinese",
    "encoding/traditionalchinese",
    "encoding/unicode",
    "internal/gen",
    "internal/tag",
    "internal/utf8internal",
    "language",
    "runes",
    "transform",
    "unicode/cldr",
  ]
  pruneopts = "UT"
  revision = "85c29909967d7f171f821e7a42e7b7af76fb9598"

[[projects]]
  branch = "master"
  digest = "1:7b4357b3ec037fe2d55d17987bdfc7a0f8412022e53c35b15191391a55af6823"
  name = "gonum.org/v1/gonum"
  packages = [
    "blas",
    "blas/blas64",
    "blas/gonum",
    "floats",
    "internal/asm/c128",
    "internal/asm/f32",
    "internal/asm/f64",
    "internal/math32",
    "lapack",
    "lapack/gonum",
    "lapack/lapack64",
    "mat",
    "mathext",
    "mathext/internal/amos",
    "mathext/internal/cephes",
    "mathext/internal/gonum",
    "stat",
    "stat/distuv",
  ]
  pruneopts = "UT"
  revision = "48288cca5b5efb2c3c3b0d8b48a6b01b37831bf8"

[[projects]]
  digest = "1:9935525a8c49b8434a0b0a54e1980e94a6fae73aaff45c5d33ba8dff69de123e"
  name = "gopkg.in/sourcemap.v1"
  packages = [
    ".",
    "base64vlq",
  ]
  pruneopts = "UT"
  revision = "6e83acea0053641eff084973fee085f0c193c61a"
  version = "v1.0.5"

[[projects]]
  digest = "1:858458e1fcdb1cb44ded97c2ae2b610ee9336fdb0a8347ea1ad835e6a1db6c76"
  name = "gopkg.in/yaml.v2"
  packages = ["."]
  pruneopts = "UT"
  revision = "a83829b6f1293c91addabc89d0571c246397bbf4"

[[projects]]
  digest = "1:c409aef0d9346009d46d46800d125914d6590346a14ff1ba6ae1166afc73dd6b"
  name = "k8s.io/client-go"
  packages = [
    "third_party/forked/golang/template",
    "util/jsonpath",
  ]
  pruneopts = "UT"
  revision = "78700dec6369ba22221b72770783300f143df150"
  version = "v6.0.0"

[solve-meta]
  analyzer-name = "dep"
  analyzer-version = 1
  input-imports = [
    "github.com/ChrisTrenkamp/goxpath",
    "github.com/ChrisTrenkamp/goxpath/tree",
    "github.com/ChrisTrenkamp/goxpath/tree/xmltree",
    "github.com/SpectoLabs/goproxy",
    "github.com/SpectoLabs/goproxy/ext/auth",
    "github.com/antonholmquist/jason",
    "github.com/aymerick/raymond",
    "github.com/boltdb/bolt",
    "github.com/codegangsta/negroni",
    "github.com/dghubble/sling",
    "github.com/dgrijalva/jwt-go",
    "github.com/dsnet/compress/brotli",
    "github.com/go-zoo/bone",
    "github.com/gorilla/mux",
    "github.com/gorilla/websocket",
    "github.com/hashicorp/golang-lru",
    "github.com/icrowley/fake",
    "github.com/jackwakefield/gopac",
    "github.com/kardianos/osext",
    "github.com/mitchellh/go-homedir",
    "github.com/olekukonko/tablewriter",
    "github.com/onsi/ginkgo",
    "github.com/onsi/gomega",
    "github.com/onsi/gomega/gexec",
    "github.com/onsi/gomega/types",
    "github.com/pborman/uuid",
    "github.com/phayes/freeport",
    "github.com/rakyll/statik/fs",
    "github.com/rcrowley/go-metrics",
    "github.com/ryanuber/go-glob",
    "github.com/sirupsen/logrus",
    "github.com/spf13/cobra",
    "github.com/spf13/viper",
    "github.com/tdewolff/minify",
    "github.com/tdewolff/minify/json",
    "github.com/tdewolff/minify/xml",
    "github.com/xeipuuv/gojsonschema",
    "golang.org/x/crypto/bcrypt",
    "golang.org/x/crypto/ssh/terminal",
    "gonum.org/v1/gonum/floats",
    "gonum.org/v1/gonum/stat",
    "gonum.org/v1/gonum/stat/distuv",
    "gopkg.in/yaml.v2",
    "k8s.io/client-go/util/jsonpath",
  ]
  solver-name = "gps-cdcl"
  solver-version = 1
