# This file is autogenerated, do not edit; changes may be undone by the next 'dep ensure'.


[[projects]]
  branch = "datetimes"
  name = "github.com/BurntSushi/toml"
  packages = ["."]
  revision = "f0aeabca5a127c4078abb8c8d64298b147264b55"

[[projects]]
  name = "github.com/ChrisTrenkamp/goxpath"
  packages = [
    ".",
    "internal/execxp",
    "internal/lexer",
    "internal/parser",
    "internal/parser/findutil",
    "internal/parser/intfns",
    "internal/parser/pathexpr",
    "internal/xconst",
    "internal/xsort",
    "tree",
    "tree/xmltree",
    "tree/xmltree/xmlbuilder",
    "tree/xmltree/xmlele",
    "tree/xmltree/xmlnode"
  ]
  revision = "2ad3b31cf4a21db70fc0cacd0e0120eaae566f98"
  version = "v1.0-alpha3"

[[projects]]
  name = "github.com/SpectoLabs/goproxy"
  packages = [
    ".",
    "ext/auth"
  ]
  revision = "050cbde4e150a66ef7aee6a1b484c4ec4176016d"

[[projects]]
  branch = "master"
  name = "github.com/antonholmquist/jason"
  packages = ["."]
  revision = "962e09b85496e2e158eec1567fb4c826ce3d55d1"

[[projects]]
  name = "github.com/aymerick/raymond"
  packages = [
    ".",
    "ast",
    "lexer",
    "parser"
  ]
  revision = "2eebd0f5dd9564c0c6e439df11d8a3c7b9b9ab11"
  version = "v2.0.2"

[[projects]]
  name = "github.com/boltdb/bolt"
  packages = ["."]
  revision = "d97499360d1ecebc492ea66c7447ea948f417620"

[[projects]]
  name = "github.com/codegangsta/negroni"
  packages = ["."]
  revision = "24bf3506bb5e25bf9fe26f644872f77656d51b57"

[[projects]]
  branch = "master"
  name = "github.com/corpix/uarand"
  packages = ["."]
  revision = "2b8494104d86337cdd41d0a49cbed8e4583c0ab4"

[[projects]]
  name = "github.com/dghubble/sling"
  packages = ["."]
  revision = "5765fe1bdc176ae984b074c8a89980d1f16e6dd8"

[[projects]]
  name = "github.com/dgrijalva/jwt-go"
  packages = ["."]
  revision = "40bd0f3b4891a9d7f121bfb7b8e8b0525625e262"

[[projects]]
  branch = "master"
  name = "github.com/dsnet/compress"
  packages = [
    "brotli",
    "internal",
    "internal/errors"
  ]
  revision = "cc9eb1d7ad760af14e8f918698f745e80377af4f"

[[projects]]
  name = "github.com/fsnotify/fsnotify"
  packages = ["."]
  revision = "30411dbcefb7a1da7e84f75530ad3abe4011b4f8"
  version = "v1.3.0"

[[projects]]
  name = "github.com/go-zoo/bone"
  packages = ["."]
  revision = "2b727a8601bc7a74fac33a9583ebba67779c502d"

[[projects]]
  name = "github.com/google/go-querystring"
  packages = ["query"]
  revision = "9235644dd9e52eeae6fa48efd539fdc351a0af53"

[[projects]]
  name = "github.com/gorilla/context"
  packages = ["."]
  revision = "a8d44e7d8e4d532b6a27a02dd82abb31cc1b01bd"

[[projects]]
  name = "github.com/gorilla/mux"
  packages = ["."]
  revision = "9c19ed558d5df4da88e2ade9c8940d742aef0e7e"

[[projects]]
  name = "github.com/gorilla/websocket"
  packages = ["."]
  revision = "1f512fc3f05332ba7117626cdfb4e07474e58e60"
  version = "v1.0.0"

[[projects]]
  name = "github.com/hashicorp/golang-lru"
  packages = [
    ".",
    "simplelru"
  ]
  revision = "20f1fb78b0740ba8c3cb143a61e86ba5c8669768"
  version = "v0.5.0"

[[projects]]
  name = "github.com/hashicorp/hcl"
  packages = [
    ".",
    "hcl/ast",
    "hcl/parser",
    "hcl/scanner",
    "hcl/strconv",
    "hcl/token",
    "json/parser",
    "json/scanner",
    "json/token"
  ]
  revision = "9a905a34e6280ce905da1a32344b25e81011197a"

[[projects]]
  branch = "master"
  name = "github.com/icrowley/fake"
  packages = ["."]
  revision = "4178557ae428460c3780a381c824a1f3aceb6325"

[[projects]]
  name = "github.com/inconshreveable/mousetrap"
  packages = ["."]
  revision = "76626ae9c91c4f2a10f34cad8ce83ea42c93bb75"
  version = "v1.0"

[[projects]]
  branch = "master"
  name = "github.com/jackwakefield/gopac"
  packages = ["."]
  revision = "c4d2e0b9a672ebe23166683a72536344384b0e99"

[[projects]]
  name = "github.com/kardianos/osext"
  packages = ["."]
  revision = "29ae4ffbc9a6fe9fb2bc5029050ce6996ea1d3bc"

[[projects]]
  name = "github.com/konsorten/go-windows-terminal-sequences"
  packages = ["."]
  revision = "5c8c8bd35d3832f5d134ae1e1e375b69a4d25242"
  version = "v1.0.1"

[[projects]]
  name = "github.com/magiconair/properties"
  packages = ["."]
  revision = "c265cfa48dda6474e208715ca93e987829f572f8"
  version = "v1.7.0"

[[projects]]
  name = "github.com/mattn/go-runewidth"
  packages = ["."]
  revision = "d6bea18f789704b5f83375793155289da36a3c7f"
  version = "v0.0.1"

[[projects]]
  branch = "master"
  name = "github.com/mitchellh/go-homedir"
  packages = ["."]
  revision = "b8bc1bf767474819792c23f32d8286a45736f1c6"

[[projects]]
  name = "github.com/mitchellh/mapstructure"
  packages = ["."]
  revision = "d2dd0262208475919e1a362f675cfc0e7c10e905"

[[projects]]
  name = "github.com/olekukonko/tablewriter"
  packages = ["."]
  revision = "febf2d34b54a69ce7530036c7503b1c9fbfdf0bb"

[[projects]]
  name = "github.com/onsi/ginkgo"
  packages = [
    ".",
    "config",
    "internal/codelocation",
    "internal/containernode",
    "internal/failer",
    "internal/leafnodes",
    "internal/remote",
    "internal/spec",
    "internal/specrunner",
    "internal/suite",
    "internal/testingtproxy",
    "internal/writer",
    "reporters",
    "reporters/stenographer",
    "types"
  ]
  revision = "2c2e9bb47b4e44067024f29339588cac8b34dd12"

[[projects]]
  name = "github.com/onsi/gomega"
  packages = [
    ".",
    "format",
    "gbytes",
    "gexec",
    "internal/assertion",
    "internal/asyncassertion",
    "internal/oraclematcher",
    "internal/testingtsupport",
    "matchers",
    "matchers/support/goraph/bipartitegraph",
    "matchers/support/goraph/edge",
    "matchers/support/goraph/node",
    "matchers/support/goraph/util",
    "types"
  ]
  revision = "7ce781ea776b2fd506491011353bded2e40c8467"

[[projects]]
  name = "github.com/pborman/uuid"
  packages = ["."]
  revision = "c55201b036063326c5b1b89ccfe45a184973d073"

[[projects]]
  name = "github.com/phayes/freeport"
  packages = ["."]
  revision = "e7681b37614941bf73b404e0caa37f19e33b5fed"

[[projects]]
  name = "github.com/rakyll/statik"
  packages = ["fs"]
  revision = "2940084503a48359b41de178874e862c5bc3efe8"

[[projects]]
  name = "github.com/rcrowley/go-metrics"
  packages = ["."]
  revision = "eeba7bd0dd01ace6e690fa833b3f22aaec29af43"

[[projects]]
  branch = "master"
  name = "github.com/robertkrimen/otto"
  packages = [
    ".",
    "ast",
    "dbg",
    "file",
    "parser",
    "registry",
    "token"
  ]
  revision = "15f95af6e78dcd2030d8195a138bd88d4f403546"

[[projects]]
  branch = "master"
  name = "github.com/ryanuber/go-glob"
  packages = ["."]
  revision = "256dc444b735e061061cf46c809487313d5b0065"

[[projects]]
  name = "github.com/sirupsen/logrus"
  packages = ["."]
  revision = "ad15b42461921f1fb3529b058c6786c6a45d5162"
  version = "v1.1.1"

[[projects]]
  name = "github.com/spf13/cast"
  packages = ["."]
  revision = "27b586b42e29bec072fe7379259cc719e1289da6"

[[projects]]
  name = "github.com/spf13/cobra"
  packages = ["."]
  revision = "f368244301305f414206f889b1735a54cfc8bde8"

[[projects]]
  name = "github.com/spf13/jwalterweatherman"
  packages = ["."]
  revision = "33c24e77fb80341fe7130ee7c594256ff08ccc46"

[[projects]]
  name = "github.com/spf13/pflag"
  packages = ["."]
  revision = "cb88ea77998c3f024757528e3305022ab50b43be"

[[projects]]
  name = "github.com/spf13/viper"
  packages = ["."]
  revision = "d8a428b8a30606e1d0b355d91edf282609ade1a6"

[[projects]]
  name = "github.com/tdewolff/buffer"
  packages = ["."]
  revision = "0edfcb7b750146ff879e95831de2ef53605a5cb5"

[[projects]]
  name = "github.com/tdewolff/minify"
  packages = [
    ".",
    "json",
    "xml"
  ]
  revision = "28aac1f92d928dfb63dd0258a3b2248a020e86da"

[[projects]]
  name = "github.com/tdewolff/parse"
  packages = [
    ".",
    "json",
    "xml"
  ]
  revision = "34d5c1160d4503da4b456e5094609f2331d6dde3"

[[projects]]
  name = "github.com/tdewolff/strconv"
  packages = ["."]
  revision = "3e8091f4417ebaaa3910da63a45ea394ebbfb0e3"
  version = "v1.0.0"

[[projects]]
  name = "github.com/xeipuuv/gojsonpointer"
  packages = ["."]
  revision = "6fe8760cad3569743d51ddbb243b26f8456742dc"

[[projects]]
  name = "github.com/xeipuuv/gojsonreference"
  packages = ["."]
  revision = "e02fc20de94c78484cd5ffb007f8af96be030a45"

[[projects]]
  name = "github.com/xeipuuv/gojsonschema"
  packages = ["."]
  revision = "ff0417f4272e480246b4507459b3f6ae721a87ac"

[[projects]]
  name = "golang.org/x/crypto"
  packages = [
    "bcrypt",
    "blowfish",
    "ssh/terminal"
  ]
  revision = "5bcd134fee4dd1475da17714aac19c0aa0142e2f"

[[projects]]
  branch = "master"
  name = "golang.org/x/exp"
  packages = ["rand"]
  revision = "d68db9428509638038945048f64207fa0ab318cb"

[[projects]]
  name = "golang.org/x/net"
  packages = [
    "html",
    "html/atom",
    "html/charset"
  ]
  revision = "2a35e686583654a1b89ca79c4ac78cb3d6529ca3"

[[projects]]
  name = "golang.org/x/sys"
  packages = ["unix"]
  revision = "d4feaf1a7e61e1d9e79e6c4e76c6349e9cab0a03"

[[projects]]
  name = "golang.org/x/text"
  packages = [
    "encoding",
    "encoding/charmap",
    "encoding/htmlindex",
    "encoding/internal",
    "encoding/internal/identifier",
    "encoding/japanese",
    "encoding/korean",
    "encoding/simplifiedchinese",
    "encoding/traditionalchinese",
    "encoding/unicode",
    "internal/gen",
    "internal/tag",
    "internal/utf8internal",
    "language",
    "runes",
    "transform",
    "unicode/cldr"
  ]
  revision = "85c29909967d7f171f821e7a42e7b7af76fb9598"

[[projects]]
  branch = "master"
  name = "gonum.org/v1/gonum"
  packages = [
    "blas",
    "blas/blas64",
    "blas/gonum",
    "floats",
    "internal/asm/c128",
    "internal/asm/f32",
    "internal/asm/f64",
    "internal/math32",
    "lapack",
    "lapack/gonum",
    "lapack/lapack64",
    "mat",
    "mathext",
    "mathext/internal/amos",
    "mathext/internal/cephes",
    "mathext/internal/gonum",
    "stat",
    "stat/distuv"
  ]
  revision = "48288cca5b5efb2c3c3b0d8b48a6b01b37831bf8"

[[projects]]
  name = "gopkg.in/sourcemap.v1"
  packages = [
    ".",
    "base64vlq"
  ]
  revision = "6e83acea0053641eff084973fee085f0c193c61a"
  version = "v1.0.5"

[[projects]]
  name = "gopkg.in/yaml.v2"
  packages = ["."]
  revision = "a83829b6f1293c91addabc89d0571c246397bbf4"

[[projects]]
  name = "k8s.io/client-go"
  packages = [
    "third_party/forked/golang/template",
    "util/jsonpath"
  ]
  revision = "78700dec6369ba22221b72770783300f143df150"
  version = "v6.0.0"

[solve-meta]
  analyzer-name = "dep"
  analyzer-version = 1
  inputs-digest = "84c45916ce6d22572d401abaea30f8d29fa2cac63b91fe945466d45d9ff3ad94"
  solver-name = "gps-cdcl"
  solver-version = 1
