hash: 5135bd111a9363fd8b644006c08183e02393c778adba9df7824924851ebb9fb7
updated: 2016-06-07T12:14:42.556864965+01:00
imports:
- name: github.com/dghubble/sling
  version: 5765fe1bdc176ae984b074c8a89980d1f16e6dd8
- name: github.com/onsi/ginkgo
  version: 5437a97bf824dec14e58d68c56ee36e772670c2e
- name: github.com/onsi/gomega
  version: c73e51675ad2455a4515b6213eb7145eaade4824
- name: github.com/phayes/freeport
  version: e7681b37614941bf73b404e0caa37f19e33b5fed
devImports: []
