hash: 5c53be572f29bcda9a26eedd0dd52cd3d9d89ec9005c59b23b2e21bf24a26ccb
updated: 2016-07-18T11:40:36.268851938+01:00
imports:
- name: github.com/alecthomas/template
  version: f95824954961b2f364ae9d2818a1c4f77bad15e5
  subpackages:
  - parse
- name: github.com/alecthomas/units
  version: f95824954961b2f364ae9d2818a1c4f77bad15e5
- name: github.com/BurntSushi/toml
  version: f95824954961b2f364ae9d2818a1c4f77bad15e5
- name: github.com/dghubble/sling
  version: f95824954961b2f364ae9d2818a1c4f77bad15e5
- name: github.com/dleung/gotail
  version: 6ce86b525cbca720d34fa57c27d055c31d19a723
- name: github.com/fsnotify/fsnotify
  version: f95824954961b2f364ae9d2818a1c4f77bad15e5
- name: github.com/google/go-querystring
  version: f95824954961b2f364ae9d2818a1c4f77bad15e5
  subpackages:
  - query
- name: github.com/hashicorp/hcl
  version: f95824954961b2f364ae9d2818a1c4f77bad15e5
  subpackages:
  - hcl/ast
  - hcl/parser
  - hcl/token
  - json/parser
  - hcl/scanner
  - hcl/strconv
  - json/scanner
  - json/token
- name: github.com/magiconair/properties
  version: f95824954961b2f364ae9d2818a1c4f77bad15e5
- name: github.com/mitchellh/go-homedir
  version: f95824954961b2f364ae9d2818a1c4f77bad15e5
- name: github.com/mitchellh/mapstructure
  version: f95824954961b2f364ae9d2818a1c4f77bad15e5
- name: github.com/onsi/gomega
  version: f95824954961b2f364ae9d2818a1c4f77bad15e5
- name: github.com/Sirupsen/logrus
  version: f95824954961b2f364ae9d2818a1c4f77bad15e5
- name: github.com/spf13/cast
  version: f95824954961b2f364ae9d2818a1c4f77bad15e5
- name: github.com/spf13/jwalterweatherman
  version: f95824954961b2f364ae9d2818a1c4f77bad15e5
- name: github.com/spf13/pflag
  version: f95824954961b2f364ae9d2818a1c4f77bad15e5
- name: github.com/spf13/viper
  version: f95824954961b2f364ae9d2818a1c4f77bad15e5
- name: golang.org/x/sys
  version: f95824954961b2f364ae9d2818a1c4f77bad15e5
  subpackages:
  - unix
- name: gopkg.in/alecthomas/kingpin.v2
  version: f95824954961b2f364ae9d2818a1c4f77bad15e5
- name: gopkg.in/fsnotify.v1
  version: a8a77c9133d2d6fd8334f3260d06f60e8d80a5fb
- name: gopkg.in/yaml.v2
  version: f95824954961b2f364ae9d2818a1c4f77bad15e5
devImports: []
