hash: 407e842170118e07a0d834c69864cecb1d22fdf4be9cf3f3435ff3e44b465cd0
updated: 2016-07-29T16:12:40.351817993+01:00
imports:
- name: github.com/dghubble/sling
  version: 72b819847fd6c08fc926da5ba098412795fbfcd6
- name: github.com/google/go-querystring
  version: 72b819847fd6c08fc926da5ba098412795fbfcd6
  subpackages:
  - query
- name: github.com/gorilla/mux
  version: 0eeaf8392f5b04950925b8a69fe70f110fa7cbfc
- name: github.com/onsi/ginkgo
  version: 72b819847fd6c08fc926da5ba098412795fbfcd6
- name: github.com/onsi/gomega
  version: 72b819847fd6c08fc926da5ba098412795fbfcd6
- name: github.com/phayes/freeport
  version: 72b819847fd6c08fc926da5ba098412795fbfcd6
- name: gopkg.in/yaml.v2
  version: 72b819847fd6c08fc926da5ba098412795fbfcd6
testImports: []
